
Microsoft Visual Studio Solution File, Format Version 12.00
# Visual Studio Version 16
VisualStudioVersion = 16.0.31005.135
MinimumVisualStudioVersion = 10.0.40219.1
Project("{FAE04EC0-301F-11D3-BF4B-00C04F79EFBC}") = "EASY.Isis.Presentacion.Web", "EASY.Isis.Presentacion.Web\EASY.Isis.Presentacion.Web.csproj", "{CFECD890-6C72-4E45-B357-1CF29D27616B}"
EndProject
Global
	GlobalSection(SolutionConfigurationPlatforms) = preSolution
		Debug|Any CPU = Debug|Any CPU
		Release|Any CPU = Release|Any CPU
	EndGlobalSection
	GlobalSection(ProjectConfigurationPlatforms) = postSolution
		{CFECD890-6C72-4E45-B357-1CF29D27616B}.Debug|Any CPU.ActiveCfg = Debug|Any CPU
		{CFECD890-6C72-4E45-B357-1CF29D27616B}.Debug|Any CPU.Build.0 = Debug|Any CPU
		{CFECD890-6C72-4E45-B357-1CF29D27616B}.Release|Any CPU.ActiveCfg = Release|Any CPU
		{CFECD890-6C72-4E45-B357-1CF29D27616B}.Release|Any CPU.Build.0 = Release|Any CPU
	EndGlobalSection
	GlobalSection(SolutionProperties) = preSolution
		HideSolutionNode = FALSE
	EndGlobalSection
	GlobalSection(ExtensibilityGlobals) = postSolution
		SolutionGuid = {A2B8E64D-65EB-4D6F-92D5-9E0939328C57}
	EndGlobalSection
EndGlobal
